
Microsoft Visual Studio Solution File, Format Version 12.00
# Visual Studio 15
VisualStudioVersion = 15.0.28307.421
MinimumVisualStudioVersion = 10.0.40219.1
Project("{FAE04EC0-301F-11D3-BF4B-00C04F79EFBC}") = "GraMonolitycznie", "GraMonolitycznie\GraMonolitycznie.csproj", "{32E227C5-ADBD-4504-B65C-0BCCA7868BAF}"
EndProject
Project("{FAE04EC0-301F-11D3-BF4B-00C04F79EFBC}") = "GraProceduralnie", "GraProceduralnie\GraProceduralnie.csproj", "{7BD5C924-ADA2-41D7-9F01-781167302F8D}"
EndProject
Project("{9A19103F-16F7-4668-BE54-9A1E7A4F7556}") = "ModelGry", "ModelGry\ModelGry.csproj", "{9DC8428C-7601-4850-8761-BD4C6A80F8DB}"
EndProject
Project("{FAE04EC0-301F-11D3-BF4B-00C04F79EFBC}") = "UnitTestProjectModelGry", "UnitTestProjectModelGry\UnitTestProjectModelGry.csproj", "{8F137969-6ED5-4CC8-97F9-150C8D3E6598}"
EndProject
Project("{FAE04EC0-301F-11D3-BF4B-00C04F79EFBC}") = "GraGUI", "GraGUI\GraGUI.csproj", "{3B19A966-CE24-428C-A1F3-076AF089E8FE}"
EndProject
Global
	GlobalSection(SolutionConfigurationPlatforms) = preSolution
		Debug|Any CPU = Debug|Any CPU
		Release|Any CPU = Release|Any CPU
	EndGlobalSection
	GlobalSection(ProjectConfigurationPlatforms) = postSolution
		{32E227C5-ADBD-4504-B65C-0BCCA7868BAF}.Debug|Any CPU.ActiveCfg = Debug|Any CPU
		{32E227C5-ADBD-4504-B65C-0BCCA7868BAF}.Debug|Any CPU.Build.0 = Debug|Any CPU
		{32E227C5-ADBD-4504-B65C-0BCCA7868BAF}.Release|Any CPU.ActiveCfg = Release|Any CPU
		{32E227C5-ADBD-4504-B65C-0BCCA7868BAF}.Release|Any CPU.Build.0 = Release|Any CPU
		{7BD5C924-ADA2-41D7-9F01-781167302F8D}.Debug|Any CPU.ActiveCfg = Debug|Any CPU
		{7BD5C924-ADA2-41D7-9F01-781167302F8D}.Debug|Any CPU.Build.0 = Debug|Any CPU
		{7BD5C924-ADA2-41D7-9F01-781167302F8D}.Release|Any CPU.ActiveCfg = Release|Any CPU
		{7BD5C924-ADA2-41D7-9F01-781167302F8D}.Release|Any CPU.Build.0 = Release|Any CPU
		{9DC8428C-7601-4850-8761-BD4C6A80F8DB}.Debug|Any CPU.ActiveCfg = Debug|Any CPU
		{9DC8428C-7601-4850-8761-BD4C6A80F8DB}.Debug|Any CPU.Build.0 = Debug|Any CPU
		{9DC8428C-7601-4850-8761-BD4C6A80F8DB}.Release|Any CPU.ActiveCfg = Release|Any CPU
		{9DC8428C-7601-4850-8761-BD4C6A80F8DB}.Release|Any CPU.Build.0 = Release|Any CPU
		{8F137969-6ED5-4CC8-97F9-150C8D3E6598}.Debug|Any CPU.ActiveCfg = Debug|Any CPU
		{8F137969-6ED5-4CC8-97F9-150C8D3E6598}.Debug|Any CPU.Build.0 = Debug|Any CPU
		{8F137969-6ED5-4CC8-97F9-150C8D3E6598}.Release|Any CPU.ActiveCfg = Release|Any CPU
		{8F137969-6ED5-4CC8-97F9-150C8D3E6598}.Release|Any CPU.Build.0 = Release|Any CPU
		{3B19A966-CE24-428C-A1F3-076AF089E8FE}.Debug|Any CPU.ActiveCfg = Debug|Any CPU
		{3B19A966-CE24-428C-A1F3-076AF089E8FE}.Debug|Any CPU.Build.0 = Debug|Any CPU
		{3B19A966-CE24-428C-A1F3-076AF089E8FE}.Release|Any CPU.ActiveCfg = Release|Any CPU
		{3B19A966-CE24-428C-A1F3-076AF089E8FE}.Release|Any CPU.Build.0 = Release|Any CPU
	EndGlobalSection
	GlobalSection(SolutionProperties) = preSolution
		HideSolutionNode = FALSE
	EndGlobalSection
	GlobalSection(ExtensibilityGlobals) = postSolution
		SolutionGuid = {38F7CF60-0508-419D-B326-3B555F53066D}
	EndGlobalSection
EndGlobal
